// !$*UTF8*$!
{
	archiveVersion = 1;
	classes = {
	};
	objectVersion = 46;
	objects = {

/* Begin PBXBuildFile section */
		A77CF908A3A8E0B509367CBD /* libPods.a in Frameworks */ = {isa = PBXBuildFile; fileRef = CBC89A3540F3115F0EECE68B /* libPods.a */; };
		C207E3221CC70C86008225A9 /* fly.png in Resources */ = {isa = PBXBuildFile; fileRef = C207E3211CC70C86008225A9 /* fly.png */; settings = {ASSET_TAGS = (); }; };
		C207E3281CC71ECE008225A9 /* readFristCell.m in Sources */ = {isa = PBXBuildFile; fileRef = C207E3271CC71ECE008225A9 /* readFristCell.m */; settings = {ASSET_TAGS = (); }; };
		C207E32B1CC71EF2008225A9 /* ReadScendCell.m in Sources */ = {isa = PBXBuildFile; fileRef = C207E32A1CC71EF2008225A9 /* ReadScendCell.m */; settings = {ASSET_TAGS = (); }; };
		C207E3701CC78044008225A9 /* CacheModel.m in Sources */ = {isa = PBXBuildFile; fileRef = C207E36F1CC78044008225A9 /* CacheModel.m */; settings = {ASSET_TAGS = (); }; };
		C207E3221CC70C86008225A9 /* fly.png in Resources */ = {isa = PBXBuildFile; fileRef = C207E3211CC70C86008225A9 /* fly.png */; };
		C207E3281CC71ECE008225A9 /* readFristCell.m in Sources */ = {isa = PBXBuildFile; fileRef = C207E3271CC71ECE008225A9 /* readFristCell.m */; };
		C207E32B1CC71EF2008225A9 /* ReadScendCell.m in Sources */ = {isa = PBXBuildFile; fileRef = C207E32A1CC71EF2008225A9 /* ReadScendCell.m */; };
		C22126F51CC10B8A00614944 /* main.m in Sources */ = {isa = PBXBuildFile; fileRef = C22126F41CC10B8A00614944 /* main.m */; };
		C22126FE1CC10B8A00614944 /* Main.storyboard in Resources */ = {isa = PBXBuildFile; fileRef = C22126FC1CC10B8A00614944 /* Main.storyboard */; };
		C22127001CC10B8A00614944 /* Assets.xcassets in Resources */ = {isa = PBXBuildFile; fileRef = C22126FF1CC10B8A00614944 /* Assets.xcassets */; };
		C22127031CC10B8A00614944 /* LaunchScreen.storyboard in Resources */ = {isa = PBXBuildFile; fileRef = C22127011CC10B8A00614944 /* LaunchScreen.storyboard */; };
		C22127131CC10ED800614944 /* AppDelegate.m in Sources */ = {isa = PBXBuildFile; fileRef = C221270C1CC10ED800614944 /* AppDelegate.m */; };
		C221272C1CC1109A00614944 /* NewsViewController.m in Sources */ = {isa = PBXBuildFile; fileRef = C221272A1CC1109A00614944 /* NewsViewController.m */; };
		C221272D1CC1109A00614944 /* NewsViewController.xib in Resources */ = {isa = PBXBuildFile; fileRef = C221272B1CC1109A00614944 /* NewsViewController.xib */; };
		C22127341CC110C100614944 /* ReadingViewController.m in Sources */ = {isa = PBXBuildFile; fileRef = C22127321CC110C100614944 /* ReadingViewController.m */; };
		C22127351CC110C100614944 /* ReadingViewController.xib in Resources */ = {isa = PBXBuildFile; fileRef = C22127331CC110C100614944 /* ReadingViewController.xib */; };
		C221273C1CC110EB00614944 /* VideoViewController.m in Sources */ = {isa = PBXBuildFile; fileRef = C221273A1CC110EB00614944 /* VideoViewController.m */; };
		C221273D1CC110EB00614944 /* VideoViewController.xib in Resources */ = {isa = PBXBuildFile; fileRef = C221273B1CC110EB00614944 /* VideoViewController.xib */; };
		C22127411CC110FE00614944 /* TopicViewController.m in Sources */ = {isa = PBXBuildFile; fileRef = C221273F1CC110FE00614944 /* TopicViewController.m */; };
		C22127421CC110FE00614944 /* TopicViewController.xib in Resources */ = {isa = PBXBuildFile; fileRef = C22127401CC110FE00614944 /* TopicViewController.xib */; };
		C22127461CC1111300614944 /* OneSelfViewController.m in Sources */ = {isa = PBXBuildFile; fileRef = C22127441CC1111300614944 /* OneSelfViewController.m */; };
		C22127471CC1111300614944 /* OneSelfViewController.xib in Resources */ = {isa = PBXBuildFile; fileRef = C22127451CC1111300614944 /* OneSelfViewController.xib */; };
		C221274A1CC115B300614944 /* NewsModel.m in Sources */ = {isa = PBXBuildFile; fileRef = C22127491CC115B300614944 /* NewsModel.m */; };
		C22127531CC115E800614944 /* TopicView.m in Sources */ = {isa = PBXBuildFile; fileRef = C22127521CC115E800614944 /* TopicView.m */; };
		C22127561CC115F300614944 /* VideoView.m in Sources */ = {isa = PBXBuildFile; fileRef = C22127551CC115F300614944 /* VideoView.m */; };
		C22127591CC1160500614944 /* OneSelfView.m in Sources */ = {isa = PBXBuildFile; fileRef = C22127581CC1160500614944 /* OneSelfView.m */; };
		C221275C1CC1161500614944 /* ReadingModel.m in Sources */ = {isa = PBXBuildFile; fileRef = C221275B1CC1161500614944 /* ReadingModel.m */; };
		C221275F1CC1161F00614944 /* TopicModel.m in Sources */ = {isa = PBXBuildFile; fileRef = C221275E1CC1161F00614944 /* TopicModel.m */; };
		C22127621CC1162900614944 /* VideoModel.m in Sources */ = {isa = PBXBuildFile; fileRef = C22127611CC1162900614944 /* VideoModel.m */; };
		C22127651CC1163200614944 /* OneSelfModel.m in Sources */ = {isa = PBXBuildFile; fileRef = C22127641CC1163200614944 /* OneSelfModel.m */; };
		C22127681CC1163E00614944 /* DataBaseManager.m in Sources */ = {isa = PBXBuildFile; fileRef = C22127671CC1163E00614944 /* DataBaseManager.m */; };
		C22127A81CC1273A00614944 /* NSString+Html.m in Sources */ = {isa = PBXBuildFile; fileRef = C22127A61CC1273A00614944 /* NSString+Html.m */; };
		C22127A91CC1273A00614944 /* style.css in Resources */ = {isa = PBXBuildFile; fileRef = C22127A71CC1273A00614944 /* style.css */; };
		C22127AC1CC1276500614944 /* AllCodeClassViewController.m in Sources */ = {isa = PBXBuildFile; fileRef = C22127AB1CC1276500614944 /* AllCodeClassViewController.m */; };
		C22470871CC47E09001D23DE /* DetailTopicTableViewCell.m in Sources */ = {isa = PBXBuildFile; fileRef = C22470851CC47E09001D23DE /* DetailTopicTableViewCell.m */; };
		C224708B1CC490B8001D23DE /* DetailAAndQTableViewCell.m in Sources */ = {isa = PBXBuildFile; fileRef = C224708A1CC490B8001D23DE /* DetailAAndQTableViewCell.m */; };
		C224708D1CC4BAF5001D23DE /* CFNetwork.framework in Frameworks */ = {isa = PBXBuildFile; fileRef = C224708C1CC4BAF5001D23DE /* CFNetwork.framework */; };
		C224708F1CC4BB02001D23DE /* CoreFoundation.framework in Frameworks */ = {isa = PBXBuildFile; fileRef = C224708E1CC4BB02001D23DE /* CoreFoundation.framework */; };
		C22470911CC4BB17001D23DE /* CoreTelephony.framework in Frameworks */ = {isa = PBXBuildFile; fileRef = C22470901CC4BB17001D23DE /* CoreTelephony.framework */; };
		C22470931CC4BB29001D23DE /* SystemConfiguration.framework in Frameworks */ = {isa = PBXBuildFile; fileRef = C22470921CC4BB29001D23DE /* SystemConfiguration.framework */; };
		C22470951CC4BB38001D23DE /* CoreGraphics.framework in Frameworks */ = {isa = PBXBuildFile; fileRef = C22470941CC4BB38001D23DE /* CoreGraphics.framework */; };
		C22470971CC4BB47001D23DE /* Foundation.framework in Frameworks */ = {isa = PBXBuildFile; fileRef = C22470961CC4BB47001D23DE /* Foundation.framework */; };
		C22470991CC4BB59001D23DE /* libz.tbd in Frameworks */ = {isa = PBXBuildFile; fileRef = C22470981CC4BB59001D23DE /* libz.tbd */; };
		C224709B1CC4BB64001D23DE /* UIKit.framework in Frameworks */ = {isa = PBXBuildFile; fileRef = C224709A1CC4BB64001D23DE /* UIKit.framework */; };
		C224709D1CC4BB6E001D23DE /* Security.framework in Frameworks */ = {isa = PBXBuildFile; fileRef = C224709C1CC4BB6E001D23DE /* Security.framework */; };
		C224709F1CC4BB77001D23DE /* AdSupport.framework in Frameworks */ = {isa = PBXBuildFile; fileRef = C224709E1CC4BB77001D23DE /* AdSupport.framework */; };
		C22470A41CC52533001D23DE /* TopicAnswerModel.m in Sources */ = {isa = PBXBuildFile; fileRef = C22470A31CC52533001D23DE /* TopicAnswerModel.m */; };
		C22470A71CC527A9001D23DE /* TopicQuestionModel.m in Sources */ = {isa = PBXBuildFile; fileRef = C22470A61CC527A9001D23DE /* TopicQuestionModel.m */; };
		C2444F771CC4717A0045718A /* bofang.png in Resources */ = {isa = PBXBuildFile; fileRef = C2444F761CC4717A0045718A /* bofang.png */; };
		C24DD2411CC4B1C3004A10CD /* ImgAndContextTableViewCell.m in Sources */ = {isa = PBXBuildFile; fileRef = C24DD2391CC4B1C3004A10CD /* ImgAndContextTableViewCell.m */; };
		C24DD2421CC4B1C3004A10CD /* ImgAndContextTableViewCell.xib in Resources */ = {isa = PBXBuildFile; fileRef = C24DD23A1CC4B1C3004A10CD /* ImgAndContextTableViewCell.xib */; };
		C24DD2431CC4B1C3004A10CD /* ImgAndTitleTableViewCell.m in Sources */ = {isa = PBXBuildFile; fileRef = C24DD23C1CC4B1C3004A10CD /* ImgAndTitleTableViewCell.m */; };
		C24DD2441CC4B1C3004A10CD /* ImgAndTitleTableViewCell.xib in Resources */ = {isa = PBXBuildFile; fileRef = C24DD23D1CC4B1C3004A10CD /* ImgAndTitleTableViewCell.xib */; };
		C24DD2451CC4B1C3004A10CD /* MoreImgTableViewCell.m in Sources */ = {isa = PBXBuildFile; fileRef = C24DD23F1CC4B1C3004A10CD /* MoreImgTableViewCell.m */; };
		C24DD2461CC4B1C3004A10CD /* MoreImgTableViewCell.xib in Resources */ = {isa = PBXBuildFile; fileRef = C24DD2401CC4B1C3004A10CD /* MoreImgTableViewCell.xib */; };
		C2A1F6C01CC2297D00A40DCD /* TopicTableViewCell.m in Sources */ = {isa = PBXBuildFile; fileRef = C2A1F6BE1CC2297D00A40DCD /* TopicTableViewCell.m */; };
		C2A1F6C11CC2297D00A40DCD /* TopicTableViewCell.xib in Resources */ = {isa = PBXBuildFile; fileRef = C2A1F6BF1CC2297D00A40DCD /* TopicTableViewCell.xib */; };
		C2A1F6CA1CC26B1000A40DCD /* TopicDetailViewController.m in Sources */ = {isa = PBXBuildFile; fileRef = C2A1F6C81CC26B1000A40DCD /* TopicDetailViewController.m */; };
		C2A1F6CB1CC26B1000A40DCD /* TopicDetailViewController.xib in Resources */ = {isa = PBXBuildFile; fileRef = C2A1F6C91CC26B1000A40DCD /* TopicDetailViewController.xib */; };
		C2A1F6CE1CC26C4B00A40DCD /* TopicDetailModel.m in Sources */ = {isa = PBXBuildFile; fileRef = C2A1F6CD1CC26C4B00A40DCD /* TopicDetailModel.m */; };
		C2D74B511CC5D33E0062B01F /* VideoViewCell.m in Sources */ = {isa = PBXBuildFile; fileRef = C22284611CC1E08A00B6730C /* VideoViewCell.m */; };
		C2D74B601CC6451A0062B01F /* ActivityView.m in Sources */ = {isa = PBXBuildFile; fileRef = C2D74B5F1CC6451A0062B01F /* ActivityView.m */; };
		C2D74B621CC6456F0062B01F /* success@2x.png in Resources */ = {isa = PBXBuildFile; fileRef = C2D74B611CC6456F0062B01F /* success@2x.png */; };
		C2DA7FA01CC4CF91008B9292 /* MJRefreshAutoFooter.m in Sources */ = {isa = PBXBuildFile; fileRef = C2DA7F761CC4CF91008B9292 /* MJRefreshAutoFooter.m */; };
		C2DA7FA11CC4CF91008B9292 /* MJRefreshBackFooter.m in Sources */ = {isa = PBXBuildFile; fileRef = C2DA7F781CC4CF91008B9292 /* MJRefreshBackFooter.m */; };
		C2DA7FA21CC4CF91008B9292 /* MJRefreshComponent.m in Sources */ = {isa = PBXBuildFile; fileRef = C2DA7F7A1CC4CF91008B9292 /* MJRefreshComponent.m */; };
		C2DA7FA31CC4CF91008B9292 /* MJRefreshFooter.m in Sources */ = {isa = PBXBuildFile; fileRef = C2DA7F7C1CC4CF91008B9292 /* MJRefreshFooter.m */; };
		C2DA7FA41CC4CF91008B9292 /* MJRefreshHeader.m in Sources */ = {isa = PBXBuildFile; fileRef = C2DA7F7E1CC4CF91008B9292 /* MJRefreshHeader.m */; };
		C2DA7FA51CC4CF91008B9292 /* MJRefreshAutoGifFooter.m in Sources */ = {isa = PBXBuildFile; fileRef = C2DA7F831CC4CF91008B9292 /* MJRefreshAutoGifFooter.m */; };
		C2DA7FA61CC4CF91008B9292 /* MJRefreshAutoNormalFooter.m in Sources */ = {isa = PBXBuildFile; fileRef = C2DA7F851CC4CF91008B9292 /* MJRefreshAutoNormalFooter.m */; };
		C2DA7FA71CC4CF91008B9292 /* MJRefreshAutoStateFooter.m in Sources */ = {isa = PBXBuildFile; fileRef = C2DA7F871CC4CF91008B9292 /* MJRefreshAutoStateFooter.m */; };
		C2DA7FA81CC4CF91008B9292 /* MJRefreshBackGifFooter.m in Sources */ = {isa = PBXBuildFile; fileRef = C2DA7F8A1CC4CF91008B9292 /* MJRefreshBackGifFooter.m */; };
		C2DA7FA91CC4CF91008B9292 /* MJRefreshBackNormalFooter.m in Sources */ = {isa = PBXBuildFile; fileRef = C2DA7F8C1CC4CF91008B9292 /* MJRefreshBackNormalFooter.m */; };
		C2DA7FAA1CC4CF91008B9292 /* MJRefreshBackStateFooter.m in Sources */ = {isa = PBXBuildFile; fileRef = C2DA7F8E1CC4CF91008B9292 /* MJRefreshBackStateFooter.m */; };
		C2DA7FAB1CC4CF91008B9292 /* MJRefreshGifHeader.m in Sources */ = {isa = PBXBuildFile; fileRef = C2DA7F911CC4CF91008B9292 /* MJRefreshGifHeader.m */; };
		C2DA7FAC1CC4CF91008B9292 /* MJRefreshNormalHeader.m in Sources */ = {isa = PBXBuildFile; fileRef = C2DA7F931CC4CF91008B9292 /* MJRefreshNormalHeader.m */; };
		C2DA7FAD1CC4CF91008B9292 /* MJRefreshStateHeader.m in Sources */ = {isa = PBXBuildFile; fileRef = C2DA7F951CC4CF91008B9292 /* MJRefreshStateHeader.m */; };
		C2DA7FAE1CC4CF91008B9292 /* MJRefresh.bundle in Resources */ = {isa = PBXBuildFile; fileRef = C2DA7F961CC4CF91008B9292 /* MJRefresh.bundle */; };
		C2DA7FAF1CC4CF91008B9292 /* MJRefreshConst.m in Sources */ = {isa = PBXBuildFile; fileRef = C2DA7F991CC4CF91008B9292 /* MJRefreshConst.m */; };
		C2DA7FB01CC4CF91008B9292 /* UIScrollView+MJExtension.m in Sources */ = {isa = PBXBuildFile; fileRef = C2DA7F9B1CC4CF91008B9292 /* UIScrollView+MJExtension.m */; };
		C2DA7FB11CC4CF91008B9292 /* UIScrollView+MJRefresh.m in Sources */ = {isa = PBXBuildFile; fileRef = C2DA7F9D1CC4CF91008B9292 /* UIScrollView+MJRefresh.m */; };
		C2DA7FB21CC4CF91008B9292 /* UIView+MJExtension.m in Sources */ = {isa = PBXBuildFile; fileRef = C2DA7F9F1CC4CF91008B9292 /* UIView+MJExtension.m */; };
		C2DA7FB61CC50BA1008B9292 /* CollectionTableViewController.m in Sources */ = {isa = PBXBuildFile; fileRef = C2DA7FB51CC50BA1008B9292 /* CollectionTableViewController.m */; };
/* End PBXBuildFile section */

/* Begin PBXFileReference section */
		547BEFDDAE90585591A1DD4C /* Pods.debug.xcconfig */ = {isa = PBXFileReference; includeInIndex = 1; lastKnownFileType = text.xcconfig; name = Pods.debug.xcconfig; path = "Pods/Target Support Files/Pods/Pods.debug.xcconfig"; sourceTree = "<group>"; };
		7F39A9B8A78093A71546BFCB /* Pods.release.xcconfig */ = {isa = PBXFileReference; includeInIndex = 1; lastKnownFileType = text.xcconfig; name = Pods.release.xcconfig; path = "Pods/Target Support Files/Pods/Pods.release.xcconfig"; sourceTree = "<group>"; };
		C207E3211CC70C86008225A9 /* fly.png */ = {isa = PBXFileReference; lastKnownFileType = image.png; path = fly.png; sourceTree = "<group>"; };
		C207E3261CC71ECE008225A9 /* readFristCell.h */ = {isa = PBXFileReference; fileEncoding = 4; lastKnownFileType = sourcecode.c.h; path = readFristCell.h; sourceTree = "<group>"; };
		C207E3271CC71ECE008225A9 /* readFristCell.m */ = {isa = PBXFileReference; fileEncoding = 4; lastKnownFileType = sourcecode.c.objc; path = readFristCell.m; sourceTree = "<group>"; };
		C207E3291CC71EF2008225A9 /* ReadScendCell.h */ = {isa = PBXFileReference; fileEncoding = 4; lastKnownFileType = sourcecode.c.h; path = ReadScendCell.h; sourceTree = "<group>"; };
		C207E32A1CC71EF2008225A9 /* ReadScendCell.m */ = {isa = PBXFileReference; fileEncoding = 4; lastKnownFileType = sourcecode.c.objc; path = ReadScendCell.m; sourceTree = "<group>"; };
		C207E36E1CC78044008225A9 /* CacheModel.h */ = {isa = PBXFileReference; fileEncoding = 4; lastKnownFileType = sourcecode.c.h; path = CacheModel.h; sourceTree = "<group>"; };
		C207E36F1CC78044008225A9 /* CacheModel.m */ = {isa = PBXFileReference; fileEncoding = 4; lastKnownFileType = sourcecode.c.objc; path = CacheModel.m; sourceTree = "<group>"; };
		C214587C1CC1CE150034944F /* UrlHeadersDefine.h */ = {isa = PBXFileReference; lastKnownFileType = sourcecode.c.h; path = UrlHeadersDefine.h; sourceTree = "<group>"; };
		C214587D1CC1CE4C0034944F /* ConstantsDefine.h */ = {isa = PBXFileReference; lastKnownFileType = sourcecode.c.h; path = ConstantsDefine.h; sourceTree = "<group>"; };
		C214587E1CC1CE720034944F /* EfficientDefine.h */ = {isa = PBXFileReference; lastKnownFileType = sourcecode.c.h; path = EfficientDefine.h; sourceTree = "<group>"; };
		C22126F01CC10B8A00614944 /* WhenTheNews.app */ = {isa = PBXFileReference; explicitFileType = wrapper.application; includeInIndex = 0; path = WhenTheNews.app; sourceTree = BUILT_PRODUCTS_DIR; };
		C22126F41CC10B8A00614944 /* main.m */ = {isa = PBXFileReference; lastKnownFileType = sourcecode.c.objc; path = main.m; sourceTree = "<group>"; };
		C22126FD1CC10B8A00614944 /* Base */ = {isa = PBXFileReference; lastKnownFileType = file.storyboard; name = Base; path = Base.lproj/Main.storyboard; sourceTree = "<group>"; };
		C22126FF1CC10B8A00614944 /* Assets.xcassets */ = {isa = PBXFileReference; lastKnownFileType = folder.assetcatalog; path = Assets.xcassets; sourceTree = "<group>"; };
		C22127021CC10B8A00614944 /* Base */ = {isa = PBXFileReference; lastKnownFileType = file.storyboard; name = Base; path = Base.lproj/LaunchScreen.storyboard; sourceTree = "<group>"; };
		C22127041CC10B8A00614944 /* Info.plist */ = {isa = PBXFileReference; lastKnownFileType = text.plist.xml; path = Info.plist; sourceTree = "<group>"; };
		C221270B1CC10ED800614944 /* AppDelegate.h */ = {isa = PBXFileReference; fileEncoding = 4; lastKnownFileType = sourcecode.c.h; path = AppDelegate.h; sourceTree = "<group>"; };
		C221270C1CC10ED800614944 /* AppDelegate.m */ = {isa = PBXFileReference; fileEncoding = 4; lastKnownFileType = sourcecode.c.objc; path = AppDelegate.m; sourceTree = "<group>"; };
		C22127291CC1109A00614944 /* NewsViewController.h */ = {isa = PBXFileReference; fileEncoding = 4; lastKnownFileType = sourcecode.c.h; path = NewsViewController.h; sourceTree = "<group>"; };
		C221272A1CC1109A00614944 /* NewsViewController.m */ = {isa = PBXFileReference; fileEncoding = 4; lastKnownFileType = sourcecode.c.objc; path = NewsViewController.m; sourceTree = "<group>"; };
		C221272B1CC1109A00614944 /* NewsViewController.xib */ = {isa = PBXFileReference; fileEncoding = 4; lastKnownFileType = file.xib; path = NewsViewController.xib; sourceTree = "<group>"; };
		C22127311CC110C100614944 /* ReadingViewController.h */ = {isa = PBXFileReference; fileEncoding = 4; lastKnownFileType = sourcecode.c.h; path = ReadingViewController.h; sourceTree = "<group>"; };
		C22127321CC110C100614944 /* ReadingViewController.m */ = {isa = PBXFileReference; fileEncoding = 4; lastKnownFileType = sourcecode.c.objc; path = ReadingViewController.m; sourceTree = "<group>"; };
		C22127331CC110C100614944 /* ReadingViewController.xib */ = {isa = PBXFileReference; fileEncoding = 4; lastKnownFileType = file.xib; path = ReadingViewController.xib; sourceTree = "<group>"; };
		C22127391CC110EB00614944 /* VideoViewController.h */ = {isa = PBXFileReference; fileEncoding = 4; lastKnownFileType = sourcecode.c.h; path = VideoViewController.h; sourceTree = "<group>"; };
		C221273A1CC110EB00614944 /* VideoViewController.m */ = {isa = PBXFileReference; fileEncoding = 4; lastKnownFileType = sourcecode.c.objc; path = VideoViewController.m; sourceTree = "<group>"; };
		C221273B1CC110EB00614944 /* VideoViewController.xib */ = {isa = PBXFileReference; fileEncoding = 4; lastKnownFileType = file.xib; path = VideoViewController.xib; sourceTree = "<group>"; };
		C221273E1CC110FE00614944 /* TopicViewController.h */ = {isa = PBXFileReference; fileEncoding = 4; lastKnownFileType = sourcecode.c.h; path = TopicViewController.h; sourceTree = "<group>"; };
		C221273F1CC110FE00614944 /* TopicViewController.m */ = {isa = PBXFileReference; fileEncoding = 4; lastKnownFileType = sourcecode.c.objc; path = TopicViewController.m; sourceTree = "<group>"; };
		C22127401CC110FE00614944 /* TopicViewController.xib */ = {isa = PBXFileReference; fileEncoding = 4; lastKnownFileType = file.xib; path = TopicViewController.xib; sourceTree = "<group>"; };
		C22127431CC1111300614944 /* OneSelfViewController.h */ = {isa = PBXFileReference; fileEncoding = 4; lastKnownFileType = sourcecode.c.h; path = OneSelfViewController.h; sourceTree = "<group>"; };
		C22127441CC1111300614944 /* OneSelfViewController.m */ = {isa = PBXFileReference; fileEncoding = 4; lastKnownFileType = sourcecode.c.objc; path = OneSelfViewController.m; sourceTree = "<group>"; };
		C22127451CC1111300614944 /* OneSelfViewController.xib */ = {isa = PBXFileReference; fileEncoding = 4; lastKnownFileType = file.xib; path = OneSelfViewController.xib; sourceTree = "<group>"; };
		C22127481CC115B300614944 /* NewsModel.h */ = {isa = PBXFileReference; fileEncoding = 4; lastKnownFileType = sourcecode.c.h; path = NewsModel.h; sourceTree = "<group>"; };
		C22127491CC115B300614944 /* NewsModel.m */ = {isa = PBXFileReference; fileEncoding = 4; lastKnownFileType = sourcecode.c.objc; path = NewsModel.m; sourceTree = "<group>"; };
		C221274B1CC115C400614944 /* NewsView.h */ = {isa = PBXFileReference; fileEncoding = 4; lastKnownFileType = sourcecode.c.h; path = NewsView.h; sourceTree = "<group>"; };
		C221274C1CC115C400614944 /* NewsView.m */ = {isa = PBXFileReference; fileEncoding = 4; lastKnownFileType = sourcecode.c.objc; path = NewsView.m; sourceTree = "<group>"; };
		C22127511CC115E800614944 /* TopicView.h */ = {isa = PBXFileReference; fileEncoding = 4; lastKnownFileType = sourcecode.c.h; path = TopicView.h; sourceTree = "<group>"; };
		C22127521CC115E800614944 /* TopicView.m */ = {isa = PBXFileReference; fileEncoding = 4; lastKnownFileType = sourcecode.c.objc; path = TopicView.m; sourceTree = "<group>"; };
		C22127541CC115F300614944 /* VideoView.h */ = {isa = PBXFileReference; fileEncoding = 4; lastKnownFileType = sourcecode.c.h; path = VideoView.h; sourceTree = "<group>"; };
		C22127551CC115F300614944 /* VideoView.m */ = {isa = PBXFileReference; fileEncoding = 4; lastKnownFileType = sourcecode.c.objc; path = VideoView.m; sourceTree = "<group>"; };
		C22127571CC1160500614944 /* OneSelfView.h */ = {isa = PBXFileReference; fileEncoding = 4; lastKnownFileType = sourcecode.c.h; path = OneSelfView.h; sourceTree = "<group>"; };
		C22127581CC1160500614944 /* OneSelfView.m */ = {isa = PBXFileReference; fileEncoding = 4; lastKnownFileType = sourcecode.c.objc; path = OneSelfView.m; sourceTree = "<group>"; };
		C221275A1CC1161500614944 /* ReadingModel.h */ = {isa = PBXFileReference; fileEncoding = 4; lastKnownFileType = sourcecode.c.h; path = ReadingModel.h; sourceTree = "<group>"; };
		C221275B1CC1161500614944 /* ReadingModel.m */ = {isa = PBXFileReference; fileEncoding = 4; lastKnownFileType = sourcecode.c.objc; path = ReadingModel.m; sourceTree = "<group>"; };
		C221275D1CC1161F00614944 /* TopicModel.h */ = {isa = PBXFileReference; fileEncoding = 4; lastKnownFileType = sourcecode.c.h; path = TopicModel.h; sourceTree = "<group>"; };
		C221275E1CC1161F00614944 /* TopicModel.m */ = {isa = PBXFileReference; fileEncoding = 4; lastKnownFileType = sourcecode.c.objc; path = TopicModel.m; sourceTree = "<group>"; };
		C22127601CC1162900614944 /* VideoModel.h */ = {isa = PBXFileReference; fileEncoding = 4; lastKnownFileType = sourcecode.c.h; path = VideoModel.h; sourceTree = "<group>"; };
		C22127611CC1162900614944 /* VideoModel.m */ = {isa = PBXFileReference; fileEncoding = 4; lastKnownFileType = sourcecode.c.objc; path = VideoModel.m; sourceTree = "<group>"; };
		C22127631CC1163200614944 /* OneSelfModel.h */ = {isa = PBXFileReference; fileEncoding = 4; lastKnownFileType = sourcecode.c.h; path = OneSelfModel.h; sourceTree = "<group>"; };
		C22127641CC1163200614944 /* OneSelfModel.m */ = {isa = PBXFileReference; fileEncoding = 4; lastKnownFileType = sourcecode.c.objc; path = OneSelfModel.m; sourceTree = "<group>"; };
		C22127661CC1163E00614944 /* DataBaseManager.h */ = {isa = PBXFileReference; fileEncoding = 4; lastKnownFileType = sourcecode.c.h; path = DataBaseManager.h; sourceTree = "<group>"; };
		C22127671CC1163E00614944 /* DataBaseManager.m */ = {isa = PBXFileReference; fileEncoding = 4; lastKnownFileType = sourcecode.c.objc; path = DataBaseManager.m; sourceTree = "<group>"; };
		C221277A1CC1176500614944 /* PrefixHeader.pch */ = {isa = PBXFileReference; lastKnownFileType = sourcecode.c.h; path = PrefixHeader.pch; sourceTree = "<group>"; };
		C22127A51CC1273A00614944 /* NSString+Html.h */ = {isa = PBXFileReference; fileEncoding = 4; lastKnownFileType = sourcecode.c.h; path = "NSString+Html.h"; sourceTree = "<group>"; };
		C22127A61CC1273A00614944 /* NSString+Html.m */ = {isa = PBXFileReference; fileEncoding = 4; lastKnownFileType = sourcecode.c.objc; path = "NSString+Html.m"; sourceTree = "<group>"; };
		C22127A71CC1273A00614944 /* style.css */ = {isa = PBXFileReference; fileEncoding = 4; lastKnownFileType = text.css; path = style.css; sourceTree = "<group>"; };
		C22127AA1CC1276500614944 /* AllCodeClassViewController.h */ = {isa = PBXFileReference; fileEncoding = 4; lastKnownFileType = sourcecode.c.h; path = AllCodeClassViewController.h; sourceTree = "<group>"; };
		C22127AB1CC1276500614944 /* AllCodeClassViewController.m */ = {isa = PBXFileReference; fileEncoding = 4; lastKnownFileType = sourcecode.c.objc; path = AllCodeClassViewController.m; sourceTree = "<group>"; };
		C22284601CC1E08A00B6730C /* VideoViewCell.h */ = {isa = PBXFileReference; fileEncoding = 4; lastKnownFileType = sourcecode.c.h; path = VideoViewCell.h; sourceTree = "<group>"; };
		C22284611CC1E08A00B6730C /* VideoViewCell.m */ = {isa = PBXFileReference; fileEncoding = 4; lastKnownFileType = sourcecode.c.objc; path = VideoViewCell.m; sourceTree = "<group>"; };
		C22470841CC47E09001D23DE /* DetailTopicTableViewCell.h */ = {isa = PBXFileReference; fileEncoding = 4; lastKnownFileType = sourcecode.c.h; path = DetailTopicTableViewCell.h; sourceTree = "<group>"; };
		C22470851CC47E09001D23DE /* DetailTopicTableViewCell.m */ = {isa = PBXFileReference; fileEncoding = 4; lastKnownFileType = sourcecode.c.objc; path = DetailTopicTableViewCell.m; sourceTree = "<group>"; };
		C22470891CC490B8001D23DE /* DetailAAndQTableViewCell.h */ = {isa = PBXFileReference; fileEncoding = 4; lastKnownFileType = sourcecode.c.h; path = DetailAAndQTableViewCell.h; sourceTree = "<group>"; };
		C224708A1CC490B8001D23DE /* DetailAAndQTableViewCell.m */ = {isa = PBXFileReference; fileEncoding = 4; lastKnownFileType = sourcecode.c.objc; path = DetailAAndQTableViewCell.m; sourceTree = "<group>"; };
		C224708C1CC4BAF5001D23DE /* CFNetwork.framework */ = {isa = PBXFileReference; lastKnownFileType = wrapper.framework; name = CFNetwork.framework; path = System/Library/Frameworks/CFNetwork.framework; sourceTree = SDKROOT; };
		C224708E1CC4BB02001D23DE /* CoreFoundation.framework */ = {isa = PBXFileReference; lastKnownFileType = wrapper.framework; name = CoreFoundation.framework; path = System/Library/Frameworks/CoreFoundation.framework; sourceTree = SDKROOT; };
		C22470901CC4BB17001D23DE /* CoreTelephony.framework */ = {isa = PBXFileReference; lastKnownFileType = wrapper.framework; name = CoreTelephony.framework; path = System/Library/Frameworks/CoreTelephony.framework; sourceTree = SDKROOT; };
		C22470921CC4BB29001D23DE /* SystemConfiguration.framework */ = {isa = PBXFileReference; lastKnownFileType = wrapper.framework; name = SystemConfiguration.framework; path = System/Library/Frameworks/SystemConfiguration.framework; sourceTree = SDKROOT; };
		C22470941CC4BB38001D23DE /* CoreGraphics.framework */ = {isa = PBXFileReference; lastKnownFileType = wrapper.framework; name = CoreGraphics.framework; path = System/Library/Frameworks/CoreGraphics.framework; sourceTree = SDKROOT; };
		C22470961CC4BB47001D23DE /* Foundation.framework */ = {isa = PBXFileReference; lastKnownFileType = wrapper.framework; name = Foundation.framework; path = System/Library/Frameworks/Foundation.framework; sourceTree = SDKROOT; };
		C22470981CC4BB59001D23DE /* libz.tbd */ = {isa = PBXFileReference; lastKnownFileType = "sourcecode.text-based-dylib-definition"; name = libz.tbd; path = usr/lib/libz.tbd; sourceTree = SDKROOT; };
		C224709A1CC4BB64001D23DE /* UIKit.framework */ = {isa = PBXFileReference; lastKnownFileType = wrapper.framework; name = UIKit.framework; path = System/Library/Frameworks/UIKit.framework; sourceTree = SDKROOT; };
		C224709C1CC4BB6E001D23DE /* Security.framework */ = {isa = PBXFileReference; lastKnownFileType = wrapper.framework; name = Security.framework; path = System/Library/Frameworks/Security.framework; sourceTree = SDKROOT; };
		C224709E1CC4BB77001D23DE /* AdSupport.framework */ = {isa = PBXFileReference; lastKnownFileType = wrapper.framework; name = AdSupport.framework; path = System/Library/Frameworks/AdSupport.framework; sourceTree = SDKROOT; };
		C22470A21CC52533001D23DE /* TopicAnswerModel.h */ = {isa = PBXFileReference; fileEncoding = 4; lastKnownFileType = sourcecode.c.h; path = TopicAnswerModel.h; sourceTree = "<group>"; };
		C22470A31CC52533001D23DE /* TopicAnswerModel.m */ = {isa = PBXFileReference; fileEncoding = 4; lastKnownFileType = sourcecode.c.objc; path = TopicAnswerModel.m; sourceTree = "<group>"; };
		C22470A51CC527A9001D23DE /* TopicQuestionModel.h */ = {isa = PBXFileReference; fileEncoding = 4; lastKnownFileType = sourcecode.c.h; path = TopicQuestionModel.h; sourceTree = "<group>"; };
		C22470A61CC527A9001D23DE /* TopicQuestionModel.m */ = {isa = PBXFileReference; fileEncoding = 4; lastKnownFileType = sourcecode.c.objc; path = TopicQuestionModel.m; sourceTree = "<group>"; };
		C2444F761CC4717A0045718A /* bofang.png */ = {isa = PBXFileReference; lastKnownFileType = image.png; path = bofang.png; sourceTree = "<group>"; };
		C24DD2381CC4B1C3004A10CD /* ImgAndContextTableViewCell.h */ = {isa = PBXFileReference; fileEncoding = 4; lastKnownFileType = sourcecode.c.h; path = ImgAndContextTableViewCell.h; sourceTree = "<group>"; };
		C24DD2391CC4B1C3004A10CD /* ImgAndContextTableViewCell.m */ = {isa = PBXFileReference; fileEncoding = 4; lastKnownFileType = sourcecode.c.objc; path = ImgAndContextTableViewCell.m; sourceTree = "<group>"; };
		C24DD23A1CC4B1C3004A10CD /* ImgAndContextTableViewCell.xib */ = {isa = PBXFileReference; fileEncoding = 4; lastKnownFileType = file.xib; path = ImgAndContextTableViewCell.xib; sourceTree = "<group>"; };
		C24DD23B1CC4B1C3004A10CD /* ImgAndTitleTableViewCell.h */ = {isa = PBXFileReference; fileEncoding = 4; lastKnownFileType = sourcecode.c.h; path = ImgAndTitleTableViewCell.h; sourceTree = "<group>"; };
		C24DD23C1CC4B1C3004A10CD /* ImgAndTitleTableViewCell.m */ = {isa = PBXFileReference; fileEncoding = 4; lastKnownFileType = sourcecode.c.objc; path = ImgAndTitleTableViewCell.m; sourceTree = "<group>"; };
		C24DD23D1CC4B1C3004A10CD /* ImgAndTitleTableViewCell.xib */ = {isa = PBXFileReference; fileEncoding = 4; lastKnownFileType = file.xib; path = ImgAndTitleTableViewCell.xib; sourceTree = "<group>"; };
		C24DD23E1CC4B1C3004A10CD /* MoreImgTableViewCell.h */ = {isa = PBXFileReference; fileEncoding = 4; lastKnownFileType = sourcecode.c.h; path = MoreImgTableViewCell.h; sourceTree = "<group>"; };
		C24DD23F1CC4B1C3004A10CD /* MoreImgTableViewCell.m */ = {isa = PBXFileReference; fileEncoding = 4; lastKnownFileType = sourcecode.c.objc; path = MoreImgTableViewCell.m; sourceTree = "<group>"; };
		C24DD2401CC4B1C3004A10CD /* MoreImgTableViewCell.xib */ = {isa = PBXFileReference; fileEncoding = 4; lastKnownFileType = file.xib; path = MoreImgTableViewCell.xib; sourceTree = "<group>"; };
		C2A1F6BD1CC2297D00A40DCD /* TopicTableViewCell.h */ = {isa = PBXFileReference; fileEncoding = 4; lastKnownFileType = sourcecode.c.h; path = TopicTableViewCell.h; sourceTree = "<group>"; };
		C2A1F6BE1CC2297D00A40DCD /* TopicTableViewCell.m */ = {isa = PBXFileReference; fileEncoding = 4; lastKnownFileType = sourcecode.c.objc; path = TopicTableViewCell.m; sourceTree = "<group>"; };
		C2A1F6BF1CC2297D00A40DCD /* TopicTableViewCell.xib */ = {isa = PBXFileReference; fileEncoding = 4; lastKnownFileType = file.xib; path = TopicTableViewCell.xib; sourceTree = "<group>"; };
		C2A1F6C71CC26B1000A40DCD /* TopicDetailViewController.h */ = {isa = PBXFileReference; fileEncoding = 4; lastKnownFileType = sourcecode.c.h; path = TopicDetailViewController.h; sourceTree = "<group>"; };
		C2A1F6C81CC26B1000A40DCD /* TopicDetailViewController.m */ = {isa = PBXFileReference; fileEncoding = 4; lastKnownFileType = sourcecode.c.objc; path = TopicDetailViewController.m; sourceTree = "<group>"; };
		C2A1F6C91CC26B1000A40DCD /* TopicDetailViewController.xib */ = {isa = PBXFileReference; fileEncoding = 4; lastKnownFileType = file.xib; path = TopicDetailViewController.xib; sourceTree = "<group>"; };
		C2A1F6CC1CC26C4B00A40DCD /* TopicDetailModel.h */ = {isa = PBXFileReference; fileEncoding = 4; lastKnownFileType = sourcecode.c.h; path = TopicDetailModel.h; sourceTree = "<group>"; };
		C2A1F6CD1CC26C4B00A40DCD /* TopicDetailModel.m */ = {isa = PBXFileReference; fileEncoding = 4; lastKnownFileType = sourcecode.c.objc; path = TopicDetailModel.m; sourceTree = "<group>"; };
		C2D74B5E1CC6451A0062B01F /* ActivityView.h */ = {isa = PBXFileReference; fileEncoding = 4; lastKnownFileType = sourcecode.c.h; path = ActivityView.h; sourceTree = "<group>"; };
		C2D74B5F1CC6451A0062B01F /* ActivityView.m */ = {isa = PBXFileReference; fileEncoding = 4; lastKnownFileType = sourcecode.c.objc; path = ActivityView.m; sourceTree = "<group>"; };
		C2D74B611CC6456F0062B01F /* success@2x.png */ = {isa = PBXFileReference; lastKnownFileType = image.png; path = "success@2x.png"; sourceTree = "<group>"; };
		C2DA7F751CC4CF91008B9292 /* MJRefreshAutoFooter.h */ = {isa = PBXFileReference; fileEncoding = 4; lastKnownFileType = sourcecode.c.h; path = MJRefreshAutoFooter.h; sourceTree = "<group>"; };
		C2DA7F761CC4CF91008B9292 /* MJRefreshAutoFooter.m */ = {isa = PBXFileReference; fileEncoding = 4; lastKnownFileType = sourcecode.c.objc; path = MJRefreshAutoFooter.m; sourceTree = "<group>"; };
		C2DA7F771CC4CF91008B9292 /* MJRefreshBackFooter.h */ = {isa = PBXFileReference; fileEncoding = 4; lastKnownFileType = sourcecode.c.h; path = MJRefreshBackFooter.h; sourceTree = "<group>"; };
		C2DA7F781CC4CF91008B9292 /* MJRefreshBackFooter.m */ = {isa = PBXFileReference; fileEncoding = 4; lastKnownFileType = sourcecode.c.objc; path = MJRefreshBackFooter.m; sourceTree = "<group>"; };
		C2DA7F791CC4CF91008B9292 /* MJRefreshComponent.h */ = {isa = PBXFileReference; fileEncoding = 4; lastKnownFileType = sourcecode.c.h; path = MJRefreshComponent.h; sourceTree = "<group>"; };
		C2DA7F7A1CC4CF91008B9292 /* MJRefreshComponent.m */ = {isa = PBXFileReference; fileEncoding = 4; lastKnownFileType = sourcecode.c.objc; path = MJRefreshComponent.m; sourceTree = "<group>"; };
		C2DA7F7B1CC4CF91008B9292 /* MJRefreshFooter.h */ = {isa = PBXFileReference; fileEncoding = 4; lastKnownFileType = sourcecode.c.h; path = MJRefreshFooter.h; sourceTree = "<group>"; };
		C2DA7F7C1CC4CF91008B9292 /* MJRefreshFooter.m */ = {isa = PBXFileReference; fileEncoding = 4; lastKnownFileType = sourcecode.c.objc; path = MJRefreshFooter.m; sourceTree = "<group>"; };
		C2DA7F7D1CC4CF91008B9292 /* MJRefreshHeader.h */ = {isa = PBXFileReference; fileEncoding = 4; lastKnownFileType = sourcecode.c.h; path = MJRefreshHeader.h; sourceTree = "<group>"; };
		C2DA7F7E1CC4CF91008B9292 /* MJRefreshHeader.m */ = {isa = PBXFileReference; fileEncoding = 4; lastKnownFileType = sourcecode.c.objc; path = MJRefreshHeader.m; sourceTree = "<group>"; };
		C2DA7F821CC4CF91008B9292 /* MJRefreshAutoGifFooter.h */ = {isa = PBXFileReference; fileEncoding = 4; lastKnownFileType = sourcecode.c.h; path = MJRefreshAutoGifFooter.h; sourceTree = "<group>"; };
		C2DA7F831CC4CF91008B9292 /* MJRefreshAutoGifFooter.m */ = {isa = PBXFileReference; fileEncoding = 4; lastKnownFileType = sourcecode.c.objc; path = MJRefreshAutoGifFooter.m; sourceTree = "<group>"; };
		C2DA7F841CC4CF91008B9292 /* MJRefreshAutoNormalFooter.h */ = {isa = PBXFileReference; fileEncoding = 4; lastKnownFileType = sourcecode.c.h; path = MJRefreshAutoNormalFooter.h; sourceTree = "<group>"; };
		C2DA7F851CC4CF91008B9292 /* MJRefreshAutoNormalFooter.m */ = {isa = PBXFileReference; fileEncoding = 4; lastKnownFileType = sourcecode.c.objc; path = MJRefreshAutoNormalFooter.m; sourceTree = "<group>"; };
		C2DA7F861CC4CF91008B9292 /* MJRefreshAutoStateFooter.h */ = {isa = PBXFileReference; fileEncoding = 4; lastKnownFileType = sourcecode.c.h; path = MJRefreshAutoStateFooter.h; sourceTree = "<group>"; };
		C2DA7F871CC4CF91008B9292 /* MJRefreshAutoStateFooter.m */ = {isa = PBXFileReference; fileEncoding = 4; lastKnownFileType = sourcecode.c.objc; path = MJRefreshAutoStateFooter.m; sourceTree = "<group>"; };
		C2DA7F891CC4CF91008B9292 /* MJRefreshBackGifFooter.h */ = {isa = PBXFileReference; fileEncoding = 4; lastKnownFileType = sourcecode.c.h; path = MJRefreshBackGifFooter.h; sourceTree = "<group>"; };
		C2DA7F8A1CC4CF91008B9292 /* MJRefreshBackGifFooter.m */ = {isa = PBXFileReference; fileEncoding = 4; lastKnownFileType = sourcecode.c.objc; path = MJRefreshBackGifFooter.m; sourceTree = "<group>"; };
		C2DA7F8B1CC4CF91008B9292 /* MJRefreshBackNormalFooter.h */ = {isa = PBXFileReference; fileEncoding = 4; lastKnownFileType = sourcecode.c.h; path = MJRefreshBackNormalFooter.h; sourceTree = "<group>"; };
		C2DA7F8C1CC4CF91008B9292 /* MJRefreshBackNormalFooter.m */ = {isa = PBXFileReference; fileEncoding = 4; lastKnownFileType = sourcecode.c.objc; path = MJRefreshBackNormalFooter.m; sourceTree = "<group>"; };
		C2DA7F8D1CC4CF91008B9292 /* MJRefreshBackStateFooter.h */ = {isa = PBXFileReference; fileEncoding = 4; lastKnownFileType = sourcecode.c.h; path = MJRefreshBackStateFooter.h; sourceTree = "<group>"; };
		C2DA7F8E1CC4CF91008B9292 /* MJRefreshBackStateFooter.m */ = {isa = PBXFileReference; fileEncoding = 4; lastKnownFileType = sourcecode.c.objc; path = MJRefreshBackStateFooter.m; sourceTree = "<group>"; };
		C2DA7F901CC4CF91008B9292 /* MJRefreshGifHeader.h */ = {isa = PBXFileReference; fileEncoding = 4; lastKnownFileType = sourcecode.c.h; path = MJRefreshGifHeader.h; sourceTree = "<group>"; };
		C2DA7F911CC4CF91008B9292 /* MJRefreshGifHeader.m */ = {isa = PBXFileReference; fileEncoding = 4; lastKnownFileType = sourcecode.c.objc; path = MJRefreshGifHeader.m; sourceTree = "<group>"; };
		C2DA7F921CC4CF91008B9292 /* MJRefreshNormalHeader.h */ = {isa = PBXFileReference; fileEncoding = 4; lastKnownFileType = sourcecode.c.h; path = MJRefreshNormalHeader.h; sourceTree = "<group>"; };
		C2DA7F931CC4CF91008B9292 /* MJRefreshNormalHeader.m */ = {isa = PBXFileReference; fileEncoding = 4; lastKnownFileType = sourcecode.c.objc; path = MJRefreshNormalHeader.m; sourceTree = "<group>"; };
		C2DA7F941CC4CF91008B9292 /* MJRefreshStateHeader.h */ = {isa = PBXFileReference; fileEncoding = 4; lastKnownFileType = sourcecode.c.h; path = MJRefreshStateHeader.h; sourceTree = "<group>"; };
		C2DA7F951CC4CF91008B9292 /* MJRefreshStateHeader.m */ = {isa = PBXFileReference; fileEncoding = 4; lastKnownFileType = sourcecode.c.objc; path = MJRefreshStateHeader.m; sourceTree = "<group>"; };
		C2DA7F961CC4CF91008B9292 /* MJRefresh.bundle */ = {isa = PBXFileReference; lastKnownFileType = "wrapper.plug-in"; path = MJRefresh.bundle; sourceTree = "<group>"; };
		C2DA7F971CC4CF91008B9292 /* MJRefresh.h */ = {isa = PBXFileReference; fileEncoding = 4; lastKnownFileType = sourcecode.c.h; path = MJRefresh.h; sourceTree = "<group>"; };
		C2DA7F981CC4CF91008B9292 /* MJRefreshConst.h */ = {isa = PBXFileReference; fileEncoding = 4; lastKnownFileType = sourcecode.c.h; path = MJRefreshConst.h; sourceTree = "<group>"; };
		C2DA7F991CC4CF91008B9292 /* MJRefreshConst.m */ = {isa = PBXFileReference; fileEncoding = 4; lastKnownFileType = sourcecode.c.objc; path = MJRefreshConst.m; sourceTree = "<group>"; };
		C2DA7F9A1CC4CF91008B9292 /* UIScrollView+MJExtension.h */ = {isa = PBXFileReference; fileEncoding = 4; lastKnownFileType = sourcecode.c.h; path = "UIScrollView+MJExtension.h"; sourceTree = "<group>"; };
		C2DA7F9B1CC4CF91008B9292 /* UIScrollView+MJExtension.m */ = {isa = PBXFileReference; fileEncoding = 4; lastKnownFileType = sourcecode.c.objc; path = "UIScrollView+MJExtension.m"; sourceTree = "<group>"; };
		C2DA7F9C1CC4CF91008B9292 /* UIScrollView+MJRefresh.h */ = {isa = PBXFileReference; fileEncoding = 4; lastKnownFileType = sourcecode.c.h; path = "UIScrollView+MJRefresh.h"; sourceTree = "<group>"; };
		C2DA7F9D1CC4CF91008B9292 /* UIScrollView+MJRefresh.m */ = {isa = PBXFileReference; fileEncoding = 4; lastKnownFileType = sourcecode.c.objc; path = "UIScrollView+MJRefresh.m"; sourceTree = "<group>"; };
		C2DA7F9E1CC4CF91008B9292 /* UIView+MJExtension.h */ = {isa = PBXFileReference; fileEncoding = 4; lastKnownFileType = sourcecode.c.h; path = "UIView+MJExtension.h"; sourceTree = "<group>"; };
		C2DA7F9F1CC4CF91008B9292 /* UIView+MJExtension.m */ = {isa = PBXFileReference; fileEncoding = 4; lastKnownFileType = sourcecode.c.objc; path = "UIView+MJExtension.m"; sourceTree = "<group>"; };
		C2DA7FB41CC50BA1008B9292 /* CollectionTableViewController.h */ = {isa = PBXFileReference; fileEncoding = 4; lastKnownFileType = sourcecode.c.h; path = CollectionTableViewController.h; sourceTree = "<group>"; };
		C2DA7FB51CC50BA1008B9292 /* CollectionTableViewController.m */ = {isa = PBXFileReference; fileEncoding = 4; lastKnownFileType = sourcecode.c.objc; path = CollectionTableViewController.m; sourceTree = "<group>"; };
		CBC89A3540F3115F0EECE68B /* libPods.a */ = {isa = PBXFileReference; explicitFileType = archive.ar; includeInIndex = 0; path = libPods.a; sourceTree = BUILT_PRODUCTS_DIR; };
/* End PBXFileReference section */

/* Begin PBXFrameworksBuildPhase section */
		C22126ED1CC10B8900614944 /* Frameworks */ = {
			isa = PBXFrameworksBuildPhase;
			buildActionMask = 2147483647;
			files = (
				C224709F1CC4BB77001D23DE /* AdSupport.framework in Frameworks */,
				C224709D1CC4BB6E001D23DE /* Security.framework in Frameworks */,
				C224709B1CC4BB64001D23DE /* UIKit.framework in Frameworks */,
				C22470991CC4BB59001D23DE /* libz.tbd in Frameworks */,
				C22470971CC4BB47001D23DE /* Foundation.framework in Frameworks */,
				C22470951CC4BB38001D23DE /* CoreGraphics.framework in Frameworks */,
				C22470931CC4BB29001D23DE /* SystemConfiguration.framework in Frameworks */,
				C22470911CC4BB17001D23DE /* CoreTelephony.framework in Frameworks */,
				C224708F1CC4BB02001D23DE /* CoreFoundation.framework in Frameworks */,
				C224708D1CC4BAF5001D23DE /* CFNetwork.framework in Frameworks */,
				A77CF908A3A8E0B509367CBD /* libPods.a in Frameworks */,
			);
			runOnlyForDeploymentPostprocessing = 0;
		};
/* End PBXFrameworksBuildPhase section */

/* Begin PBXGroup section */
		82D3E6DA3F093FBD6AA1FD01 /* Frameworks */ = {
			isa = PBXGroup;
			children = (
				C224709E1CC4BB77001D23DE /* AdSupport.framework */,
				C224709C1CC4BB6E001D23DE /* Security.framework */,
				C224709A1CC4BB64001D23DE /* UIKit.framework */,
				C22470981CC4BB59001D23DE /* libz.tbd */,
				C22470961CC4BB47001D23DE /* Foundation.framework */,
				C22470941CC4BB38001D23DE /* CoreGraphics.framework */,
				C22470921CC4BB29001D23DE /* SystemConfiguration.framework */,
				C22470901CC4BB17001D23DE /* CoreTelephony.framework */,
				C224708E1CC4BB02001D23DE /* CoreFoundation.framework */,
				C224708C1CC4BAF5001D23DE /* CFNetwork.framework */,
				CBC89A3540F3115F0EECE68B /* libPods.a */,
			);
			name = Frameworks;
			sourceTree = "<group>";
		};
		C22126E71CC10B8900614944 = {
			isa = PBXGroup;
			children = (
				C22126F21CC10B8A00614944 /* WhenTheNews */,
				C22126F11CC10B8A00614944 /* Products */,
				FEC2D41A7B1F6DF2F0B68193 /* Pods */,
				82D3E6DA3F093FBD6AA1FD01 /* Frameworks */,
			);
			sourceTree = "<group>";
		};
		C22126F11CC10B8A00614944 /* Products */ = {
			isa = PBXGroup;
			children = (
				C22126F01CC10B8A00614944 /* WhenTheNews.app */,
			);
			name = Products;
			sourceTree = "<group>";
		};
		C22126F21CC10B8A00614944 /* WhenTheNews */ = {
			isa = PBXGroup;
			children = (
				C221270A1CC10ED800614944 /* Appdelegate */,
				C22127141CC1103F00614944 /* CodeClass */,
				C2DA7FB31CC50B50008B9292 /* 收藏 */,
				C221270E1CC10ED800614944 /* DataBase */,
				C221270F1CC10ED800614944 /* Other */,
				C22127121CC10ED800614944 /* Vendors */,
				C22126FC1CC10B8A00614944 /* Main.storyboard */,
				C22126FF1CC10B8A00614944 /* Assets.xcassets */,
				C22127011CC10B8A00614944 /* LaunchScreen.storyboard */,
				C22127041CC10B8A00614944 /* Info.plist */,
				C22126F31CC10B8A00614944 /* Supporting Files */,
			);
			path = WhenTheNews;
			sourceTree = "<group>";
		};
		C22126F31CC10B8A00614944 /* Supporting Files */ = {
			isa = PBXGroup;
			children = (
				C22126F41CC10B8A00614944 /* main.m */,
			);
			name = "Supporting Files";
			sourceTree = "<group>";
		};
		C221270A1CC10ED800614944 /* Appdelegate */ = {
			isa = PBXGroup;
			children = (
				C221270B1CC10ED800614944 /* AppDelegate.h */,
				C221270C1CC10ED800614944 /* AppDelegate.m */,
			);
			path = Appdelegate;
			sourceTree = "<group>";
		};
		C221270E1CC10ED800614944 /* DataBase */ = {
			isa = PBXGroup;
			children = (
				C22127661CC1163E00614944 /* DataBaseManager.h */,
				C22127671CC1163E00614944 /* DataBaseManager.m */,
			);
			path = DataBase;
			sourceTree = "<group>";
		};
		C221270F1CC10ED800614944 /* Other */ = {
			isa = PBXGroup;
			children = (
				C22127AA1CC1276500614944 /* AllCodeClassViewController.h */,
				C22127AB1CC1276500614944 /* AllCodeClassViewController.m */,
			);
			path = Other;
			sourceTree = "<group>";
		};
		C22127101CC10ED800614944 /* Tools */ = {
			isa = PBXGroup;
			children = (
				C22127111CC10ED800614944 /* Macros */,
			);
			name = Tools;
			path = ../../../Tools;
			sourceTree = "<group>";
		};
		C22127111CC10ED800614944 /* Macros */ = {
			isa = PBXGroup;
			children = (
				C221277A1CC1176500614944 /* PrefixHeader.pch */,
				C214587C1CC1CE150034944F /* UrlHeadersDefine.h */,
				C214587D1CC1CE4C0034944F /* ConstantsDefine.h */,
				C214587E1CC1CE720034944F /* EfficientDefine.h */,
			);
			path = Macros;
			sourceTree = "<group>";
		};
		C22127121CC10ED800614944 /* Vendors */ = {
			isa = PBXGroup;
			children = (
				C2DA7F731CC4CF91008B9292 /* MJRefresh */,
				C22127A41CC1273A00614944 /* HTML */,
			);
			path = Vendors;
			sourceTree = "<group>";
		};
		C22127141CC1103F00614944 /* CodeClass */ = {
			isa = PBXGroup;
			children = (
				C22127151CC1103F00614944 /* News */,
				C221271D1CC1103F00614944 /* Reading */,
				C22127211CC1103F00614944 /* Topic */,
				C22127251CC1103F00614944 /* Video */,
				C22127191CC1103F00614944 /* Oneself */,
			);
			name = CodeClass;
			path = WhenTheNews/CodeClass;
			sourceTree = SOURCE_ROOT;
		};
		C22127151CC1103F00614944 /* News */ = {
			isa = PBXGroup;
			children = (
				C22127161CC1103F00614944 /* Conrtoller */,
				C22127171CC1103F00614944 /* Model */,
				C22127181CC1103F00614944 /* Views */,
			);
			path = News;
			sourceTree = "<group>";
		};
		C22127161CC1103F00614944 /* Conrtoller */ = {
			isa = PBXGroup;
			children = (
				C22127291CC1109A00614944 /* NewsViewController.h */,
				C221272A1CC1109A00614944 /* NewsViewController.m */,
				C221272B1CC1109A00614944 /* NewsViewController.xib */,
			);
			path = Conrtoller;
			sourceTree = "<group>";
		};
		C22127171CC1103F00614944 /* Model */ = {
			isa = PBXGroup;
			children = (
				C22127481CC115B300614944 /* NewsModel.h */,
				C22127491CC115B300614944 /* NewsModel.m */,
			);
			path = Model;
			sourceTree = "<group>";
		};
		C22127181CC1103F00614944 /* Views */ = {
			isa = PBXGroup;
			children = (
				C24DD2381CC4B1C3004A10CD /* ImgAndContextTableViewCell.h */,
				C24DD2391CC4B1C3004A10CD /* ImgAndContextTableViewCell.m */,
				C24DD23A1CC4B1C3004A10CD /* ImgAndContextTableViewCell.xib */,
				C24DD23B1CC4B1C3004A10CD /* ImgAndTitleTableViewCell.h */,
				C24DD23C1CC4B1C3004A10CD /* ImgAndTitleTableViewCell.m */,
				C24DD23D1CC4B1C3004A10CD /* ImgAndTitleTableViewCell.xib */,
				C24DD23E1CC4B1C3004A10CD /* MoreImgTableViewCell.h */,
				C24DD23F1CC4B1C3004A10CD /* MoreImgTableViewCell.m */,
				C24DD2401CC4B1C3004A10CD /* MoreImgTableViewCell.xib */,
				C221274B1CC115C400614944 /* NewsView.h */,
				C221274C1CC115C400614944 /* NewsView.m */,
			);
			path = Views;
			sourceTree = "<group>";
		};
		C22127191CC1103F00614944 /* Oneself */ = {
			isa = PBXGroup;
			children = (
				C221271A1CC1103F00614944 /* Conrtoller */,
				C221271B1CC1103F00614944 /* Model */,
				C221271C1CC1103F00614944 /* Views */,
			);
			path = Oneself;
			sourceTree = "<group>";
		};
		C221271A1CC1103F00614944 /* Conrtoller */ = {
			isa = PBXGroup;
			children = (
				C22127431CC1111300614944 /* OneSelfViewController.h */,
				C22127441CC1111300614944 /* OneSelfViewController.m */,
				C22127451CC1111300614944 /* OneSelfViewController.xib */,
				C2D74B611CC6456F0062B01F /* success@2x.png */,
				C207E3211CC70C86008225A9 /* fly.png */,
				C2D74B5E1CC6451A0062B01F /* ActivityView.h */,
				C2D74B5F1CC6451A0062B01F /* ActivityView.m */,
				C207E36E1CC78044008225A9 /* CacheModel.h */,
				C207E36F1CC78044008225A9 /* CacheModel.m */,
			);
			path = Conrtoller;
			sourceTree = "<group>";
		};
		C221271B1CC1103F00614944 /* Model */ = {
			isa = PBXGroup;
			children = (
				C22127631CC1163200614944 /* OneSelfModel.h */,
				C22127641CC1163200614944 /* OneSelfModel.m */,
			);
			path = Model;
			sourceTree = "<group>";
		};
		C221271C1CC1103F00614944 /* Views */ = {
			isa = PBXGroup;
			children = (
				C22127571CC1160500614944 /* OneSelfView.h */,
				C22127581CC1160500614944 /* OneSelfView.m */,
			);
			path = Views;
			sourceTree = "<group>";
		};
		C221271D1CC1103F00614944 /* Reading */ = {
			isa = PBXGroup;
			children = (
				C221271E1CC1103F00614944 /* Conrtoller */,
				C221271F1CC1103F00614944 /* Model */,
				C22127201CC1103F00614944 /* Views */,
			);
			path = Reading;
			sourceTree = "<group>";
		};
		C221271E1CC1103F00614944 /* Conrtoller */ = {
			isa = PBXGroup;
			children = (
				C22127311CC110C100614944 /* ReadingViewController.h */,
				C22127321CC110C100614944 /* ReadingViewController.m */,
				C22127331CC110C100614944 /* ReadingViewController.xib */,
			);
			path = Conrtoller;
			sourceTree = "<group>";
		};
		C221271F1CC1103F00614944 /* Model */ = {
			isa = PBXGroup;
			children = (
				C221275A1CC1161500614944 /* ReadingModel.h */,
				C221275B1CC1161500614944 /* ReadingModel.m */,
			);
			path = Model;
			sourceTree = "<group>";
		};
		C22127201CC1103F00614944 /* Views */ = {
			isa = PBXGroup;
			children = (
				C207E3261CC71ECE008225A9 /* readFristCell.h */,
				C207E3271CC71ECE008225A9 /* readFristCell.m */,
				C207E3291CC71EF2008225A9 /* ReadScendCell.h */,
				C207E32A1CC71EF2008225A9 /* ReadScendCell.m */,
			);
			path = Views;
			sourceTree = "<group>";
		};
		C22127211CC1103F00614944 /* Topic */ = {
			isa = PBXGroup;
			children = (
				C22127221CC1103F00614944 /* Conrtoller */,
				C22127231CC1103F00614944 /* Model */,
				C22127241CC1103F00614944 /* Views */,
			);
			path = Topic;
			sourceTree = "<group>";
		};
		C22127221CC1103F00614944 /* Conrtoller */ = {
			isa = PBXGroup;
			children = (
				C221273E1CC110FE00614944 /* TopicViewController.h */,
				C221273F1CC110FE00614944 /* TopicViewController.m */,
				C22127401CC110FE00614944 /* TopicViewController.xib */,
				C2A1F6C71CC26B1000A40DCD /* TopicDetailViewController.h */,
				C2A1F6C81CC26B1000A40DCD /* TopicDetailViewController.m */,
				C2A1F6C91CC26B1000A40DCD /* TopicDetailViewController.xib */,
			);
			path = Conrtoller;
			sourceTree = "<group>";
		};
		C22127231CC1103F00614944 /* Model */ = {
			isa = PBXGroup;
			children = (
				C221275D1CC1161F00614944 /* TopicModel.h */,
				C221275E1CC1161F00614944 /* TopicModel.m */,
				C2A1F6CC1CC26C4B00A40DCD /* TopicDetailModel.h */,
				C2A1F6CD1CC26C4B00A40DCD /* TopicDetailModel.m */,
				C22470A21CC52533001D23DE /* TopicAnswerModel.h */,
				C22470A31CC52533001D23DE /* TopicAnswerModel.m */,
				C22470A51CC527A9001D23DE /* TopicQuestionModel.h */,
				C22470A61CC527A9001D23DE /* TopicQuestionModel.m */,
			);
			path = Model;
			sourceTree = "<group>";
		};
		C22127241CC1103F00614944 /* Views */ = {
			isa = PBXGroup;
			children = (
				C22127511CC115E800614944 /* TopicView.h */,
				C22127521CC115E800614944 /* TopicView.m */,
				C2A1F6BD1CC2297D00A40DCD /* TopicTableViewCell.h */,
				C2A1F6BE1CC2297D00A40DCD /* TopicTableViewCell.m */,
				C2A1F6BF1CC2297D00A40DCD /* TopicTableViewCell.xib */,
				C22470841CC47E09001D23DE /* DetailTopicTableViewCell.h */,
				C22470851CC47E09001D23DE /* DetailTopicTableViewCell.m */,
				C22470891CC490B8001D23DE /* DetailAAndQTableViewCell.h */,
				C224708A1CC490B8001D23DE /* DetailAAndQTableViewCell.m */,
				C22127101CC10ED800614944 /* Tools */,
			);
			path = Views;
			sourceTree = "<group>";
		};
		C22127251CC1103F00614944 /* Video */ = {
			isa = PBXGroup;
			children = (
				C22127261CC1103F00614944 /* Conrtoller */,
				C22127271CC1103F00614944 /* Model */,
				C22127281CC1103F00614944 /* Views */,
			);
			path = Video;
			sourceTree = "<group>";
		};
		C22127261CC1103F00614944 /* Conrtoller */ = {
			isa = PBXGroup;
			children = (
				C2444F761CC4717A0045718A /* bofang.png */,
				C22127391CC110EB00614944 /* VideoViewController.h */,
				C221273A1CC110EB00614944 /* VideoViewController.m */,
				C221273B1CC110EB00614944 /* VideoViewController.xib */,
			);
			path = Conrtoller;
			sourceTree = "<group>";
		};
		C22127271CC1103F00614944 /* Model */ = {
			isa = PBXGroup;
			children = (
				C22127601CC1162900614944 /* VideoModel.h */,
				C22127611CC1162900614944 /* VideoModel.m */,
			);
			path = Model;
			sourceTree = "<group>";
		};
		C22127281CC1103F00614944 /* Views */ = {
			isa = PBXGroup;
			children = (
				C22127541CC115F300614944 /* VideoView.h */,
				C22127551CC115F300614944 /* VideoView.m */,
				C22284601CC1E08A00B6730C /* VideoViewCell.h */,
				C22284611CC1E08A00B6730C /* VideoViewCell.m */,
			);
			path = Views;
			sourceTree = "<group>";
		};
		C22127A41CC1273A00614944 /* HTML */ = {
			isa = PBXGroup;
			children = (
				C22127A51CC1273A00614944 /* NSString+Html.h */,
				C22127A61CC1273A00614944 /* NSString+Html.m */,
				C22127A71CC1273A00614944 /* style.css */,
			);
			path = HTML;
			sourceTree = "<group>";
		};
		C2DA7F731CC4CF91008B9292 /* MJRefresh */ = {
			isa = PBXGroup;
			children = (
				C2DA7F741CC4CF91008B9292 /* Base */,
				C2DA7F7F1CC4CF91008B9292 /* Custom */,
				C2DA7F961CC4CF91008B9292 /* MJRefresh.bundle */,
				C2DA7F971CC4CF91008B9292 /* MJRefresh.h */,
				C2DA7F981CC4CF91008B9292 /* MJRefreshConst.h */,
				C2DA7F991CC4CF91008B9292 /* MJRefreshConst.m */,
				C2DA7F9A1CC4CF91008B9292 /* UIScrollView+MJExtension.h */,
				C2DA7F9B1CC4CF91008B9292 /* UIScrollView+MJExtension.m */,
				C2DA7F9C1CC4CF91008B9292 /* UIScrollView+MJRefresh.h */,
				C2DA7F9D1CC4CF91008B9292 /* UIScrollView+MJRefresh.m */,
				C2DA7F9E1CC4CF91008B9292 /* UIView+MJExtension.h */,
				C2DA7F9F1CC4CF91008B9292 /* UIView+MJExtension.m */,
			);
			path = MJRefresh;
			sourceTree = "<group>";
		};
		C2DA7F741CC4CF91008B9292 /* Base */ = {
			isa = PBXGroup;
			children = (
				C2DA7F751CC4CF91008B9292 /* MJRefreshAutoFooter.h */,
				C2DA7F761CC4CF91008B9292 /* MJRefreshAutoFooter.m */,
				C2DA7F771CC4CF91008B9292 /* MJRefreshBackFooter.h */,
				C2DA7F781CC4CF91008B9292 /* MJRefreshBackFooter.m */,
				C2DA7F791CC4CF91008B9292 /* MJRefreshComponent.h */,
				C2DA7F7A1CC4CF91008B9292 /* MJRefreshComponent.m */,
				C2DA7F7B1CC4CF91008B9292 /* MJRefreshFooter.h */,
				C2DA7F7C1CC4CF91008B9292 /* MJRefreshFooter.m */,
				C2DA7F7D1CC4CF91008B9292 /* MJRefreshHeader.h */,
				C2DA7F7E1CC4CF91008B9292 /* MJRefreshHeader.m */,
			);
			path = Base;
			sourceTree = "<group>";
		};
		C2DA7F7F1CC4CF91008B9292 /* Custom */ = {
			isa = PBXGroup;
			children = (
				C2DA7F801CC4CF91008B9292 /* Footer */,
				C2DA7F8F1CC4CF91008B9292 /* Header */,
			);
			path = Custom;
			sourceTree = "<group>";
		};
		C2DA7F801CC4CF91008B9292 /* Footer */ = {
			isa = PBXGroup;
			children = (
				C2DA7F811CC4CF91008B9292 /* Auto */,
				C2DA7F881CC4CF91008B9292 /* Back */,
			);
			path = Footer;
			sourceTree = "<group>";
		};
		C2DA7F811CC4CF91008B9292 /* Auto */ = {
			isa = PBXGroup;
			children = (
				C2DA7F821CC4CF91008B9292 /* MJRefreshAutoGifFooter.h */,
				C2DA7F831CC4CF91008B9292 /* MJRefreshAutoGifFooter.m */,
				C2DA7F841CC4CF91008B9292 /* MJRefreshAutoNormalFooter.h */,
				C2DA7F851CC4CF91008B9292 /* MJRefreshAutoNormalFooter.m */,
				C2DA7F861CC4CF91008B9292 /* MJRefreshAutoStateFooter.h */,
				C2DA7F871CC4CF91008B9292 /* MJRefreshAutoStateFooter.m */,
			);
			path = Auto;
			sourceTree = "<group>";
		};
		C2DA7F881CC4CF91008B9292 /* Back */ = {
			isa = PBXGroup;
			children = (
				C2DA7F891CC4CF91008B9292 /* MJRefreshBackGifFooter.h */,
				C2DA7F8A1CC4CF91008B9292 /* MJRefreshBackGifFooter.m */,
				C2DA7F8B1CC4CF91008B9292 /* MJRefreshBackNormalFooter.h */,
				C2DA7F8C1CC4CF91008B9292 /* MJRefreshBackNormalFooter.m */,
				C2DA7F8D1CC4CF91008B9292 /* MJRefreshBackStateFooter.h */,
				C2DA7F8E1CC4CF91008B9292 /* MJRefreshBackStateFooter.m */,
			);
			path = Back;
			sourceTree = "<group>";
		};
		C2DA7F8F1CC4CF91008B9292 /* Header */ = {
			isa = PBXGroup;
			children = (
				C2DA7F901CC4CF91008B9292 /* MJRefreshGifHeader.h */,
				C2DA7F911CC4CF91008B9292 /* MJRefreshGifHeader.m */,
				C2DA7F921CC4CF91008B9292 /* MJRefreshNormalHeader.h */,
				C2DA7F931CC4CF91008B9292 /* MJRefreshNormalHeader.m */,
				C2DA7F941CC4CF91008B9292 /* MJRefreshStateHeader.h */,
				C2DA7F951CC4CF91008B9292 /* MJRefreshStateHeader.m */,
			);
			path = Header;
			sourceTree = "<group>";
		};
		C2DA7FB31CC50B50008B9292 /* 收藏 */ = {
			isa = PBXGroup;
			children = (
				C2DA7FB41CC50BA1008B9292 /* CollectionTableViewController.h */,
				C2DA7FB51CC50BA1008B9292 /* CollectionTableViewController.m */,
			);
			name = "收藏";
			path = CodeClass;
			sourceTree = "<group>";
		};
		FEC2D41A7B1F6DF2F0B68193 /* Pods */ = {
			isa = PBXGroup;
			children = (
				547BEFDDAE90585591A1DD4C /* Pods.debug.xcconfig */,
				7F39A9B8A78093A71546BFCB /* Pods.release.xcconfig */,
			);
			name = Pods;
			sourceTree = "<group>";
		};
/* End PBXGroup section */

/* Begin PBXNativeTarget section */
		C22126EF1CC10B8900614944 /* WhenTheNews */ = {
			isa = PBXNativeTarget;
			buildConfigurationList = C22127071CC10B8A00614944 /* Build configuration list for PBXNativeTarget "WhenTheNews" */;
			buildPhases = (
				35EC97085810F5895BDEF708 /* Check Pods Manifest.lock */,
				C22126EC1CC10B8900614944 /* Sources */,
				C22126ED1CC10B8900614944 /* Frameworks */,
				C22126EE1CC10B8900614944 /* Resources */,
				A19EDD782EFBFA6146991098 /* Embed Pods Frameworks */,
				2C0FD57316C07F9D5E10B00F /* Copy Pods Resources */,
			);
			buildRules = (
			);
			dependencies = (
			);
			name = WhenTheNews;
			productName = WhenTheNews;
			productReference = C22126F01CC10B8A00614944 /* WhenTheNews.app */;
			productType = "com.apple.product-type.application";
		};
/* End PBXNativeTarget section */

/* Begin PBXProject section */
		C22126E81CC10B8900614944 /* Project object */ = {
			isa = PBXProject;
			attributes = {
				LastUpgradeCheck = 0700;
				ORGANIZATIONNAME = HCC;
				TargetAttributes = {
					C22126EF1CC10B8900614944 = {
						CreatedOnToolsVersion = 7.0;
					};
				};
			};
			buildConfigurationList = C22126EB1CC10B8900614944 /* Build configuration list for PBXProject "WhenTheNews" */;
			compatibilityVersion = "Xcode 3.2";
			developmentRegion = English;
			hasScannedForEncodings = 0;
			knownRegions = (
				en,
				Base,
			);
			mainGroup = C22126E71CC10B8900614944;
			productRefGroup = C22126F11CC10B8A00614944 /* Products */;
			projectDirPath = "";
			projectRoot = "";
			targets = (
				C22126EF1CC10B8900614944 /* WhenTheNews */,
			);
		};
/* End PBXProject section */

/* Begin PBXResourcesBuildPhase section */
		C22126EE1CC10B8900614944 /* Resources */ = {
			isa = PBXResourcesBuildPhase;
			buildActionMask = 2147483647;
			files = (
				C2444F771CC4717A0045718A /* bofang.png in Resources */,
				C22127031CC10B8A00614944 /* LaunchScreen.storyboard in Resources */,
				C24DD2461CC4B1C3004A10CD /* MoreImgTableViewCell.xib in Resources */,
				C24DD2441CC4B1C3004A10CD /* ImgAndTitleTableViewCell.xib in Resources */,
				C2A1F6CB1CC26B1000A40DCD /* TopicDetailViewController.xib in Resources */,
				C22127A91CC1273A00614944 /* style.css in Resources */,
				C24DD2421CC4B1C3004A10CD /* ImgAndContextTableViewCell.xib in Resources */,
				C207E3221CC70C86008225A9 /* fly.png in Resources */,
				C22127351CC110C100614944 /* ReadingViewController.xib in Resources */,
				C221273D1CC110EB00614944 /* VideoViewController.xib in Resources */,
				C22127001CC10B8A00614944 /* Assets.xcassets in Resources */,
				C22126FE1CC10B8A00614944 /* Main.storyboard in Resources */,
				C2DA7FAE1CC4CF91008B9292 /* MJRefresh.bundle in Resources */,
				C22127471CC1111300614944 /* OneSelfViewController.xib in Resources */,
				C2D74B621CC6456F0062B01F /* success@2x.png in Resources */,
				C22127421CC110FE00614944 /* TopicViewController.xib in Resources */,
				C221272D1CC1109A00614944 /* NewsViewController.xib in Resources */,
				C2A1F6C11CC2297D00A40DCD /* TopicTableViewCell.xib in Resources */,
			);
			runOnlyForDeploymentPostprocessing = 0;
		};
/* End PBXResourcesBuildPhase section */

/* Begin PBXShellScriptBuildPhase section */
		2C0FD57316C07F9D5E10B00F /* Copy Pods Resources */ = {
			isa = PBXShellScriptBuildPhase;
			buildActionMask = 2147483647;
			files = (
			);
			inputPaths = (
			);
			name = "Copy Pods Resources";
			outputPaths = (
			);
			runOnlyForDeploymentPostprocessing = 0;
			shellPath = /bin/sh;
			shellScript = "\"${SRCROOT}/Pods/Target Support Files/Pods/Pods-resources.sh\"\n";
			showEnvVarsInLog = 0;
		};
		35EC97085810F5895BDEF708 /* Check Pods Manifest.lock */ = {
			isa = PBXShellScriptBuildPhase;
			buildActionMask = 2147483647;
			files = (
			);
			inputPaths = (
			);
			name = "Check Pods Manifest.lock";
			outputPaths = (
			);
			runOnlyForDeploymentPostprocessing = 0;
			shellPath = /bin/sh;
			shellScript = "diff \"${PODS_ROOT}/../Podfile.lock\" \"${PODS_ROOT}/Manifest.lock\" > /dev/null\nif [[ $? != 0 ]] ; then\n    cat << EOM\nerror: The sandbox is not in sync with the Podfile.lock. Run 'pod install' or update your CocoaPods installation.\nEOM\n    exit 1\nfi\n";
			showEnvVarsInLog = 0;
		};
		A19EDD782EFBFA6146991098 /* Embed Pods Frameworks */ = {
			isa = PBXShellScriptBuildPhase;
			buildActionMask = 2147483647;
			files = (
			);
			inputPaths = (
			);
			name = "Embed Pods Frameworks";
			outputPaths = (
			);
			runOnlyForDeploymentPostprocessing = 0;
			shellPath = /bin/sh;
			shellScript = "\"${SRCROOT}/Pods/Target Support Files/Pods/Pods-frameworks.sh\"\n";
			showEnvVarsInLog = 0;
		};
/* End PBXShellScriptBuildPhase section */

/* Begin PBXSourcesBuildPhase section */
		C22126EC1CC10B8900614944 /* Sources */ = {
			isa = PBXSourcesBuildPhase;
			buildActionMask = 2147483647;
			files = (
				C2D74B511CC5D33E0062B01F /* VideoViewCell.m in Sources */,
				C22127AC1CC1276500614944 /* AllCodeClassViewController.m in Sources */,
				C2DA7FB01CC4CF91008B9292 /* UIScrollView+MJExtension.m in Sources */,
				C2DA7FA51CC4CF91008B9292 /* MJRefreshAutoGifFooter.m in Sources */,
				C22127591CC1160500614944 /* OneSelfView.m in Sources */,
				C221272C1CC1109A00614944 /* NewsViewController.m in Sources */,
				C22470A71CC527A9001D23DE /* TopicQuestionModel.m in Sources */,
				C22127131CC10ED800614944 /* AppDelegate.m in Sources */,
				C2DA7FA61CC4CF91008B9292 /* MJRefreshAutoNormalFooter.m in Sources */,
				C22127411CC110FE00614944 /* TopicViewController.m in Sources */,
				C221273C1CC110EB00614944 /* VideoViewController.m in Sources */,
				C221275F1CC1161F00614944 /* TopicModel.m in Sources */,
				C2DA7FB11CC4CF91008B9292 /* UIScrollView+MJRefresh.m in Sources */,
				C2DA7FA91CC4CF91008B9292 /* MJRefreshBackNormalFooter.m in Sources */,
				C207E3281CC71ECE008225A9 /* readFristCell.m in Sources */,
				C22127A81CC1273A00614944 /* NSString+Html.m in Sources */,
				C2DA7FA21CC4CF91008B9292 /* MJRefreshComponent.m in Sources */,
				C2DA7FAC1CC4CF91008B9292 /* MJRefreshNormalHeader.m in Sources */,
				C22127561CC115F300614944 /* VideoView.m in Sources */,
				C2A1F6C01CC2297D00A40DCD /* TopicTableViewCell.m in Sources */,
				C22127651CC1163200614944 /* OneSelfModel.m in Sources */,
				C2DA7FA81CC4CF91008B9292 /* MJRefreshBackGifFooter.m in Sources */,
				C2DA7FA01CC4CF91008B9292 /* MJRefreshAutoFooter.m in Sources */,
				C22127681CC1163E00614944 /* DataBaseManager.m in Sources */,
				C224708B1CC490B8001D23DE /* DetailAAndQTableViewCell.m in Sources */,
				C2A1F6CA1CC26B1000A40DCD /* TopicDetailViewController.m in Sources */,
				C2DA7FA11CC4CF91008B9292 /* MJRefreshBackFooter.m in Sources */,
				C24DD2431CC4B1C3004A10CD /* ImgAndTitleTableViewCell.m in Sources */,
				C24DD2451CC4B1C3004A10CD /* MoreImgTableViewCell.m in Sources */,
				C221274A1CC115B300614944 /* NewsModel.m in Sources */,
				C207E3701CC78044008225A9 /* CacheModel.m in Sources */,
				C2DA7FB21CC4CF91008B9292 /* UIView+MJExtension.m in Sources */,
				C24DD2411CC4B1C3004A10CD /* ImgAndContextTableViewCell.m in Sources */,
				C2DA7FB21CC4CF91008B9292 /* UIView+MJExtension.m in Sources */,
				C2D74B601CC6451A0062B01F /* ActivityView.m in Sources */,
				C22470A41CC52533001D23DE /* TopicAnswerModel.m in Sources */,
				C22126F51CC10B8A00614944 /* main.m in Sources */,
				C2A1F6CE1CC26C4B00A40DCD /* TopicDetailModel.m in Sources */,
				C22470871CC47E09001D23DE /* DetailTopicTableViewCell.m in Sources */,
				C2DA7FAB1CC4CF91008B9292 /* MJRefreshGifHeader.m in Sources */,
				C207E32B1CC71EF2008225A9 /* ReadScendCell.m in Sources */,
				C2DA7FA71CC4CF91008B9292 /* MJRefreshAutoStateFooter.m in Sources */,
				C22127461CC1111300614944 /* OneSelfViewController.m in Sources */,
				C221275C1CC1161500614944 /* ReadingModel.m in Sources */,
				C22127341CC110C100614944 /* ReadingViewController.m in Sources */,
				C2DA7FA41CC4CF91008B9292 /* MJRefreshHeader.m in Sources */,
				C22127531CC115E800614944 /* TopicView.m in Sources */,
				C2DA7FAD1CC4CF91008B9292 /* MJRefreshStateHeader.m in Sources */,
				C2DA7FAA1CC4CF91008B9292 /* MJRefreshBackStateFooter.m in Sources */,
				C2DA7FAF1CC4CF91008B9292 /* MJRefreshConst.m in Sources */,
				C2DA7FB61CC50BA1008B9292 /* CollectionTableViewController.m in Sources */,
				C22127621CC1162900614944 /* VideoModel.m in Sources */,
				C2DA7FA31CC4CF91008B9292 /* MJRefreshFooter.m in Sources */,
			);
			runOnlyForDeploymentPostprocessing = 0;
		};
/* End PBXSourcesBuildPhase section */

/* Begin PBXVariantGroup section */
		C22126FC1CC10B8A00614944 /* Main.storyboard */ = {
			isa = PBXVariantGroup;
			children = (
				C22126FD1CC10B8A00614944 /* Base */,
			);
			name = Main.storyboard;
			sourceTree = "<group>";
		};
		C22127011CC10B8A00614944 /* LaunchScreen.storyboard */ = {
			isa = PBXVariantGroup;
			children = (
				C22127021CC10B8A00614944 /* Base */,
			);
			name = LaunchScreen.storyboard;
			sourceTree = "<group>";
		};
/* End PBXVariantGroup section */

/* Begin XCBuildConfiguration section */
		C22127051CC10B8A00614944 /* Debug */ = {
			isa = XCBuildConfiguration;
			buildSettings = {
				ALWAYS_SEARCH_USER_PATHS = NO;
				CLANG_CXX_LANGUAGE_STANDARD = "gnu++0x";
				CLANG_CXX_LIBRARY = "libc++";
				CLANG_ENABLE_MODULES = YES;
				CLANG_ENABLE_OBJC_ARC = YES;
				CLANG_WARN_BOOL_CONVERSION = YES;
				CLANG_WARN_CONSTANT_CONVERSION = YES;
				CLANG_WARN_DIRECT_OBJC_ISA_USAGE = YES_ERROR;
				CLANG_WARN_EMPTY_BODY = YES;
				CLANG_WARN_ENUM_CONVERSION = YES;
				CLANG_WARN_INT_CONVERSION = YES;
				CLANG_WARN_OBJC_ROOT_CLASS = YES_ERROR;
				CLANG_WARN_UNREACHABLE_CODE = YES;
				CLANG_WARN__DUPLICATE_METHOD_MATCH = YES;
				"CODE_SIGN_IDENTITY[sdk=iphoneos*]" = "iPhone Developer";
				COPY_PHASE_STRIP = NO;
				DEBUG_INFORMATION_FORMAT = dwarf;
				ENABLE_STRICT_OBJC_MSGSEND = YES;
				ENABLE_TESTABILITY = YES;
				GCC_C_LANGUAGE_STANDARD = gnu99;
				GCC_DYNAMIC_NO_PIC = NO;
				GCC_NO_COMMON_BLOCKS = YES;
				GCC_OPTIMIZATION_LEVEL = 0;
				GCC_PREPROCESSOR_DEFINITIONS = (
					"DEBUG=1",
					"$(inherited)",
				);
				GCC_WARN_64_TO_32_BIT_CONVERSION = YES;
				GCC_WARN_ABOUT_RETURN_TYPE = YES_ERROR;
				GCC_WARN_UNDECLARED_SELECTOR = YES;
				GCC_WARN_UNINITIALIZED_AUTOS = YES_AGGRESSIVE;
				GCC_WARN_UNUSED_FUNCTION = YES;
				GCC_WARN_UNUSED_VARIABLE = YES;
				IPHONEOS_DEPLOYMENT_TARGET = 9.0;
				MTL_ENABLE_DEBUG_INFO = YES;
				ONLY_ACTIVE_ARCH = YES;
				SDKROOT = iphoneos;
				TARGETED_DEVICE_FAMILY = "1,2";
			};
			name = Debug;
		};
		C22127061CC10B8A00614944 /* Release */ = {
			isa = XCBuildConfiguration;
			buildSettings = {
				ALWAYS_SEARCH_USER_PATHS = NO;
				CLANG_CXX_LANGUAGE_STANDARD = "gnu++0x";
				CLANG_CXX_LIBRARY = "libc++";
				CLANG_ENABLE_MODULES = YES;
				CLANG_ENABLE_OBJC_ARC = YES;
				CLANG_WARN_BOOL_CONVERSION = YES;
				CLANG_WARN_CONSTANT_CONVERSION = YES;
				CLANG_WARN_DIRECT_OBJC_ISA_USAGE = YES_ERROR;
				CLANG_WARN_EMPTY_BODY = YES;
				CLANG_WARN_ENUM_CONVERSION = YES;
				CLANG_WARN_INT_CONVERSION = YES;
				CLANG_WARN_OBJC_ROOT_CLASS = YES_ERROR;
				CLANG_WARN_UNREACHABLE_CODE = YES;
				CLANG_WARN__DUPLICATE_METHOD_MATCH = YES;
				"CODE_SIGN_IDENTITY[sdk=iphoneos*]" = "iPhone Developer";
				COPY_PHASE_STRIP = NO;
				DEBUG_INFORMATION_FORMAT = "dwarf-with-dsym";
				ENABLE_NS_ASSERTIONS = NO;
				ENABLE_STRICT_OBJC_MSGSEND = YES;
				GCC_C_LANGUAGE_STANDARD = gnu99;
				GCC_NO_COMMON_BLOCKS = YES;
				GCC_WARN_64_TO_32_BIT_CONVERSION = YES;
				GCC_WARN_ABOUT_RETURN_TYPE = YES_ERROR;
				GCC_WARN_UNDECLARED_SELECTOR = YES;
				GCC_WARN_UNINITIALIZED_AUTOS = YES_AGGRESSIVE;
				GCC_WARN_UNUSED_FUNCTION = YES;
				GCC_WARN_UNUSED_VARIABLE = YES;
				IPHONEOS_DEPLOYMENT_TARGET = 9.0;
				MTL_ENABLE_DEBUG_INFO = NO;
				SDKROOT = iphoneos;
				TARGETED_DEVICE_FAMILY = "1,2";
				VALIDATE_PRODUCT = YES;
			};
			name = Release;
		};
		C22127081CC10B8A00614944 /* Debug */ = {
			isa = XCBuildConfiguration;
			baseConfigurationReference = 547BEFDDAE90585591A1DD4C /* Pods.debug.xcconfig */;
			buildSettings = {
				ASSETCATALOG_COMPILER_APPICON_NAME = AppIcon;
				CODE_SIGN_IDENTITY = "iPhone Developer";
				GCC_INCREASE_PRECOMPILED_HEADER_SHARING = YES;
				GCC_PRECOMPILE_PREFIX_HEADER = YES;
				GCC_PREFIX_HEADER = "$(SRCROOT)/WhenTheNews/Tools/Macros/PrefixHeader.pch";
				INFOPLIST_FILE = WhenTheNews/Info.plist;
				IPHONEOS_DEPLOYMENT_TARGET = 8.1;
				LD_RUNPATH_SEARCH_PATHS = "$(inherited) @executable_path/Frameworks";
				OTHER_LDFLAGS = (
					"$(inherited)",
					"-ObjC",
					"-l\"AFNetworking\"",
					"-l\"FMDB\"",
					"-l\"SDWebImage\"",
					"-l\"sqlite3\"",
					"-framework",
					"\"CoreGraphics\"",
					"-framework",
					"\"ImageIO\"",
					"-framework",
					"\"MobileCoreServices\"",
					"-framework",
					"\"Security\"",
					"-framework",
					"\"SystemConfiguration\"",
					"-all_load",
				);
				PRODUCT_BUNDLE_IDENTIFIER = com.hc.WhenTheNews;
				PRODUCT_NAME = "$(TARGET_NAME)";
			};
			name = Debug;
		};
		C22127091CC10B8A00614944 /* Release */ = {
			isa = XCBuildConfiguration;
			baseConfigurationReference = 7F39A9B8A78093A71546BFCB /* Pods.release.xcconfig */;
			buildSettings = {
				ASSETCATALOG_COMPILER_APPICON_NAME = AppIcon;
				CODE_SIGN_IDENTITY = "iPhone Developer";
				GCC_INCREASE_PRECOMPILED_HEADER_SHARING = YES;
				GCC_PRECOMPILE_PREFIX_HEADER = YES;
				GCC_PREFIX_HEADER = "$(SRCROOT)/WhenTheNews/Tools/Macros/PrefixHeader.pch";
				INFOPLIST_FILE = WhenTheNews/Info.plist;
				IPHONEOS_DEPLOYMENT_TARGET = 8.1;
				LD_RUNPATH_SEARCH_PATHS = "$(inherited) @executable_path/Frameworks";
				OTHER_LDFLAGS = (
					"$(inherited)",
					"-ObjC",
					"-l\"AFNetworking\"",
					"-l\"FMDB\"",
					"-l\"SDWebImage\"",
					"-l\"sqlite3\"",
					"-framework",
					"\"CoreGraphics\"",
					"-framework",
					"\"ImageIO\"",
					"-framework",
					"\"MobileCoreServices\"",
					"-framework",
					"\"Security\"",
					"-framework",
					"\"SystemConfiguration\"",
					"-all_load",
				);
				PRODUCT_BUNDLE_IDENTIFIER = com.hc.WhenTheNews;
				PRODUCT_NAME = "$(TARGET_NAME)";
			};
			name = Release;
		};
/* End XCBuildConfiguration section */

/* Begin XCConfigurationList section */
		C22126EB1CC10B8900614944 /* Build configuration list for PBXProject "WhenTheNews" */ = {
			isa = XCConfigurationList;
			buildConfigurations = (
				C22127051CC10B8A00614944 /* Debug */,
				C22127061CC10B8A00614944 /* Release */,
			);
			defaultConfigurationIsVisible = 0;
			defaultConfigurationName = Release;
		};
		C22127071CC10B8A00614944 /* Build configuration list for PBXNativeTarget "WhenTheNews" */ = {
			isa = XCConfigurationList;
			buildConfigurations = (
				C22127081CC10B8A00614944 /* Debug */,
				C22127091CC10B8A00614944 /* Release */,
			);
			defaultConfigurationIsVisible = 0;
			defaultConfigurationName = Release;
		};
/* End XCConfigurationList section */
	};
	rootObject = C22126E81CC10B8900614944 /* Project object */;
}
